
Microsoft Visual Studio Solution File, Format Version 12.00
# Visual Studio Version 17
VisualStudioVersion = 17.0.31903.59
MinimumVisualStudioVersion = 10.0.40219.1
Project("{FAE04EC0-301F-11D3-BF4B-00C04F79EFBC}") = "BookViewerApp", "BookViewerApp\BookViewerApp.csproj", "{AB303D80-1960-4AD3-A357-455B1E97215A}"
	ProjectSection(ProjectDependencies) = postProject
		{0E2C8720-2E94-4490-895D-8874C218E6D8} = {0E2C8720-2E94-4490-895D-8874C218E6D8}
		{7D40EB0D-37D2-458A-BFCE-BD4FEF8244F7} = {7D40EB0D-37D2-458A-BFCE-BD4FEF8244F7}
	EndProjectSection
EndProject
Project("{FAE04EC0-301F-11D3-BF4B-00C04F79EFBC}") = "BrowserControl", "BrowserControl\BrowserControl.csproj", "{0E2C8720-2E94-4490-895D-8874C218E6D8}"
EndProject
Project("{FAE04EC0-301F-11D3-BF4B-00C04F79EFBC}") = "FileExplorerControl", "FileExplorerControl\FileExplorerControl.csproj", "{7D40EB0D-37D2-458A-BFCE-BD4FEF8244F7}"
EndProject
Project("{2150E333-8FDC-42A3-9474-1A3956D46DE8}") = "Solution Items", "Solution Items", "{12C42BA8-FB09-4CD3-8070-770B6FB0F3F4}"
	ProjectSection(SolutionItems) = preProject
		.editorconfig = .editorconfig
	EndProjectSection
EndProject
Project("{FAE04EC0-301F-11D3-BF4B-00C04F79EFBC}") = "AppBasePlatform", "AppBasePlatform\AppBasePlatform.csproj", "{9350DD9F-DF65-4362-AD68-8DDCB0AB18D4}"
EndProject
Global
	GlobalSection(SolutionConfigurationPlatforms) = preSolution
		Debug|Any CPU = Debug|Any CPU
		Debug|ARM = Debug|ARM
		Debug|ARM64 = Debug|ARM64
		Debug|x64 = Debug|x64
		Debug|x86 = Debug|x86
		Release|Any CPU = Release|Any CPU
		Release|ARM = Release|ARM
		Release|ARM64 = Release|ARM64
		Release|x64 = Release|x64
		Release|x86 = Release|x86
	EndGlobalSection
	GlobalSection(ProjectConfigurationPlatforms) = postSolution
		{AB303D80-1960-4AD3-A357-455B1E97215A}.Debug|Any CPU.ActiveCfg = Debug|x86
		{AB303D80-1960-4AD3-A357-455B1E97215A}.Debug|Any CPU.Build.0 = Debug|x86
		{AB303D80-1960-4AD3-A357-455B1E97215A}.Debug|Any CPU.Deploy.0 = Debug|x86
		{AB303D80-1960-4AD3-A357-455B1E97215A}.Debug|ARM.ActiveCfg = Debug|ARM
		{AB303D80-1960-4AD3-A357-455B1E97215A}.Debug|ARM.Build.0 = Debug|ARM
		{AB303D80-1960-4AD3-A357-455B1E97215A}.Debug|ARM.Deploy.0 = Debug|ARM
		{AB303D80-1960-4AD3-A357-455B1E97215A}.Debug|ARM64.ActiveCfg = Debug|ARM64
		{AB303D80-1960-4AD3-A357-455B1E97215A}.Debug|ARM64.Build.0 = Debug|ARM64
		{AB303D80-1960-4AD3-A357-455B1E97215A}.Debug|ARM64.Deploy.0 = Debug|ARM64
		{AB303D80-1960-4AD3-A357-455B1E97215A}.Debug|x64.ActiveCfg = Debug|x64
		{AB303D80-1960-4AD3-A357-455B1E97215A}.Debug|x64.Build.0 = Debug|x64
		{AB303D80-1960-4AD3-A357-455B1E97215A}.Debug|x64.Deploy.0 = Debug|x64
		{AB303D80-1960-4AD3-A357-455B1E97215A}.Debug|x86.ActiveCfg = Debug|x86
		{AB303D80-1960-4AD3-A357-455B1E97215A}.Debug|x86.Build.0 = Debug|x86
		{AB303D80-1960-4AD3-A357-455B1E97215A}.Debug|x86.Deploy.0 = Debug|x86
		{AB303D80-1960-4AD3-A357-455B1E97215A}.Release|Any CPU.ActiveCfg = Release|x86
		{AB303D80-1960-4AD3-A357-455B1E97215A}.Release|Any CPU.Build.0 = Release|x86
		{AB303D80-1960-4AD3-A357-455B1E97215A}.Release|Any CPU.Deploy.0 = Release|x86
		{AB303D80-1960-4AD3-A357-455B1E97215A}.Release|ARM.ActiveCfg = Release|ARM
		{AB303D80-1960-4AD3-A357-455B1E97215A}.Release|ARM.Build.0 = Release|ARM
		{AB303D80-1960-4AD3-A357-455B1E97215A}.Release|ARM.Deploy.0 = Release|ARM
		{AB303D80-1960-4AD3-A357-455B1E97215A}.Release|ARM64.ActiveCfg = Release|ARM64
		{AB303D80-1960-4AD3-A357-455B1E97215A}.Release|ARM64.Build.0 = Release|ARM64
		{AB303D80-1960-4AD3-A357-455B1E97215A}.Release|ARM64.Deploy.0 = Release|ARM64
		{AB303D80-1960-4AD3-A357-455B1E97215A}.Release|x64.ActiveCfg = Release|x64
		{AB303D80-1960-4AD3-A357-455B1E97215A}.Release|x64.Build.0 = Release|x64
		{AB303D80-1960-4AD3-A357-455B1E97215A}.Release|x64.Deploy.0 = Release|x64
		{AB303D80-1960-4AD3-A357-455B1E97215A}.Release|x86.ActiveCfg = Release|x86
		{AB303D80-1960-4AD3-A357-455B1E97215A}.Release|x86.Build.0 = Release|x86
		{AB303D80-1960-4AD3-A357-455B1E97215A}.Release|x86.Deploy.0 = Release|x86
		{0E2C8720-2E94-4490-895D-8874C218E6D8}.Debug|Any CPU.ActiveCfg = Debug|Any CPU
		{0E2C8720-2E94-4490-895D-8874C218E6D8}.Debug|Any CPU.Build.0 = Debug|Any CPU
		{0E2C8720-2E94-4490-895D-8874C218E6D8}.Debug|ARM.ActiveCfg = Debug|ARM
		{0E2C8720-2E94-4490-895D-8874C218E6D8}.Debug|ARM.Build.0 = Debug|ARM
		{0E2C8720-2E94-4490-895D-8874C218E6D8}.Debug|ARM64.ActiveCfg = Debug|ARM64
		{0E2C8720-2E94-4490-895D-8874C218E6D8}.Debug|ARM64.Build.0 = Debug|ARM64
		{0E2C8720-2E94-4490-895D-8874C218E6D8}.Debug|x64.ActiveCfg = Debug|x64
		{0E2C8720-2E94-4490-895D-8874C218E6D8}.Debug|x64.Build.0 = Debug|x64
		{0E2C8720-2E94-4490-895D-8874C218E6D8}.Debug|x86.ActiveCfg = Debug|x86
		{0E2C8720-2E94-4490-895D-8874C218E6D8}.Debug|x86.Build.0 = Debug|x86
		{0E2C8720-2E94-4490-895D-8874C218E6D8}.Release|Any CPU.ActiveCfg = Release|Any CPU
		{0E2C8720-2E94-4490-895D-8874C218E6D8}.Release|Any CPU.Build.0 = Release|Any CPU
		{0E2C8720-2E94-4490-895D-8874C218E6D8}.Release|ARM.ActiveCfg = Release|ARM
		{0E2C8720-2E94-4490-895D-8874C218E6D8}.Release|ARM.Build.0 = Release|ARM
		{0E2C8720-2E94-4490-895D-8874C218E6D8}.Release|ARM64.ActiveCfg = Release|ARM64
		{0E2C8720-2E94-4490-895D-8874C218E6D8}.Release|ARM64.Build.0 = Release|ARM64
		{0E2C8720-2E94-4490-895D-8874C218E6D8}.Release|x64.ActiveCfg = Release|x64
		{0E2C8720-2E94-4490-895D-8874C218E6D8}.Release|x64.Build.0 = Release|x64
		{0E2C8720-2E94-4490-895D-8874C218E6D8}.Release|x86.ActiveCfg = Release|x86
		{0E2C8720-2E94-4490-895D-8874C218E6D8}.Release|x86.Build.0 = Release|x86
		{7D40EB0D-37D2-458A-BFCE-BD4FEF8244F7}.Debug|Any CPU.ActiveCfg = Debug|Any CPU
		{7D40EB0D-37D2-458A-BFCE-BD4FEF8244F7}.Debug|Any CPU.Build.0 = Debug|Any CPU
		{7D40EB0D-37D2-458A-BFCE-BD4FEF8244F7}.Debug|ARM.ActiveCfg = Debug|ARM
		{7D40EB0D-37D2-458A-BFCE-BD4FEF8244F7}.Debug|ARM.Build.0 = Debug|ARM
		{7D40EB0D-37D2-458A-BFCE-BD4FEF8244F7}.Debug|ARM64.ActiveCfg = Debug|ARM64
		{7D40EB0D-37D2-458A-BFCE-BD4FEF8244F7}.Debug|ARM64.Build.0 = Debug|ARM64
		{7D40EB0D-37D2-458A-BFCE-BD4FEF8244F7}.Debug|x64.ActiveCfg = Debug|x64
		{7D40EB0D-37D2-458A-BFCE-BD4FEF8244F7}.Debug|x64.Build.0 = Debug|x64
		{7D40EB0D-37D2-458A-BFCE-BD4FEF8244F7}.Debug|x86.ActiveCfg = Debug|x86
		{7D40EB0D-37D2-458A-BFCE-BD4FEF8244F7}.Debug|x86.Build.0 = Debug|x86
		{7D40EB0D-37D2-458A-BFCE-BD4FEF8244F7}.Release|Any CPU.ActiveCfg = Release|Any CPU
		{7D40EB0D-37D2-458A-BFCE-BD4FEF8244F7}.Release|Any CPU.Build.0 = Release|Any CPU
		{7D40EB0D-37D2-458A-BFCE-BD4FEF8244F7}.Release|ARM.ActiveCfg = Release|ARM
		{7D40EB0D-37D2-458A-BFCE-BD4FEF8244F7}.Release|ARM.Build.0 = Release|ARM
		{7D40EB0D-37D2-458A-BFCE-BD4FEF8244F7}.Release|ARM64.ActiveCfg = Release|ARM64
		{7D40EB0D-37D2-458A-BFCE-BD4FEF8244F7}.Release|ARM64.Build.0 = Release|ARM64
		{7D40EB0D-37D2-458A-BFCE-BD4FEF8244F7}.Release|x64.ActiveCfg = Release|x64
		{7D40EB0D-37D2-458A-BFCE-BD4FEF8244F7}.Release|x64.Build.0 = Release|x64
		{7D40EB0D-37D2-458A-BFCE-BD4FEF8244F7}.Release|x86.ActiveCfg = Release|x86
		{7D40EB0D-37D2-458A-BFCE-BD4FEF8244F7}.Release|x86.Build.0 = Release|x86
		{9350DD9F-DF65-4362-AD68-8DDCB0AB18D4}.Debug|Any CPU.ActiveCfg = Debug|Any CPU
		{9350DD9F-DF65-4362-AD68-8DDCB0AB18D4}.Debug|Any CPU.Build.0 = Debug|Any CPU
		{9350DD9F-DF65-4362-AD68-8DDCB0AB18D4}.Debug|ARM.ActiveCfg = Debug|ARM
		{9350DD9F-DF65-4362-AD68-8DDCB0AB18D4}.Debug|ARM.Build.0 = Debug|ARM
		{9350DD9F-DF65-4362-AD68-8DDCB0AB18D4}.Debug|ARM64.ActiveCfg = Debug|ARM64
		{9350DD9F-DF65-4362-AD68-8DDCB0AB18D4}.Debug|ARM64.Build.0 = Debug|ARM64
		{9350DD9F-DF65-4362-AD68-8DDCB0AB18D4}.Debug|x64.ActiveCfg = Debug|x64
		{9350DD9F-DF65-4362-AD68-8DDCB0AB18D4}.Debug|x64.Build.0 = Debug|x64
		{9350DD9F-DF65-4362-AD68-8DDCB0AB18D4}.Debug|x86.ActiveCfg = Debug|x86
		{9350DD9F-DF65-4362-AD68-8DDCB0AB18D4}.Debug|x86.Build.0 = Debug|x86
		{9350DD9F-DF65-4362-AD68-8DDCB0AB18D4}.Release|Any CPU.ActiveCfg = Release|Any CPU
		{9350DD9F-DF65-4362-AD68-8DDCB0AB18D4}.Release|Any CPU.Build.0 = Release|Any CPU
		{9350DD9F-DF65-4362-AD68-8DDCB0AB18D4}.Release|ARM.ActiveCfg = Release|ARM
		{9350DD9F-DF65-4362-AD68-8DDCB0AB18D4}.Release|ARM.Build.0 = Release|ARM
		{9350DD9F-DF65-4362-AD68-8DDCB0AB18D4}.Release|ARM64.ActiveCfg = Release|ARM64
		{9350DD9F-DF65-4362-AD68-8DDCB0AB18D4}.Release|ARM64.Build.0 = Release|ARM64
		{9350DD9F-DF65-4362-AD68-8DDCB0AB18D4}.Release|x64.ActiveCfg = Release|x64
		{9350DD9F-DF65-4362-AD68-8DDCB0AB18D4}.Release|x64.Build.0 = Release|x64
		{9350DD9F-DF65-4362-AD68-8DDCB0AB18D4}.Release|x86.ActiveCfg = Release|x86
		{9350DD9F-DF65-4362-AD68-8DDCB0AB18D4}.Release|x86.Build.0 = Release|x86
	EndGlobalSection
	GlobalSection(SolutionProperties) = preSolution
		HideSolutionNode = FALSE
	EndGlobalSection
	GlobalSection(ExtensibilityGlobals) = postSolution
		SolutionGuid = {1D690A2D-E395-40EB-B506-A5722EB4DF01}
		RESX_TranslatorConfiguration = {"Azure":"{\"AutoDetectHtml\":true,\"MaxCharactersPerMinute\":33300,\"AuthenticationKey\":null,\"Region\":null,\"IsEnabled\":true,\"SaveCredentials\":false,\"Ranking\":1.0}","Baidu":"{\"AppId\":null,\"SecretKey\":null,\"ApiUrl\":null,\"Domain\":null,\"IsEnabled\":true,\"SaveCredentials\":false,\"Ranking\":1.0}","DeepL":"{\"ApiKey\":\"4fcf2967-1777-f609-5cd8-cebb3f4feaa7:fx\",\"ApiUrl\":\"https://api-free.deepl.com/v2/translate\",\"IsEnabled\":true,\"SaveCredentials\":true,\"Ranking\":1.0}","Google":"{\"ApiKey\":null,\"IsEnabled\":true,\"SaveCredentials\":false,\"Ranking\":1.0}","MSTerm":"{\"IsEnabled\":true,\"SaveCredentials\":false,\"Ranking\":1.0}","MyMemory":"{\"Key\":null,\"Mail\":null,\"IsEnabled\":true,\"SaveCredentials\":false,\"Ranking\":1.0}"}
	EndGlobalSection
EndGlobal
