
Microsoft Visual Studio Solution File, Format Version 12.00
# Visual Studio Version 17
VisualStudioVersion = 17.8.34511.84
MinimumVisualStudioVersion = 10.0.40219.1
Project("{FAE04EC0-301F-11D3-BF4B-00C04F79EFBC}") = "OPDS.Console", "OPDS.Console\OPDS.Console.csproj", "{6B51D436-4B1D-44BA-9F7E-090453F2EE48}"
EndProject
Global
	GlobalSection(SolutionConfigurationPlatforms) = preSolution
		Debug|Any CPU = Debug|Any CPU
		Release|Any CPU = Release|Any CPU
	EndGlobalSection
	GlobalSection(ProjectConfigurationPlatforms) = postSolution
		{6B51D436-4B1D-44BA-9F7E-090453F2EE48}.Debug|Any CPU.ActiveCfg = Debug|Any CPU
		{6B51D436-4B1D-44BA-9F7E-090453F2EE48}.Debug|Any CPU.Build.0 = Debug|Any CPU
		{6B51D436-4B1D-44BA-9F7E-090453F2EE48}.Release|Any CPU.ActiveCfg = Release|Any CPU
		{6B51D436-4B1D-44BA-9F7E-090453F2EE48}.Release|Any CPU.Build.0 = Release|Any CPU
	EndGlobalSection
	GlobalSection(SolutionProperties) = preSolution
		HideSolutionNode = FALSE
	EndGlobalSection
	GlobalSection(ExtensibilityGlobals) = postSolution
		SolutionGuid = {9CD394EE-EDEA-42D0-8F2C-BB5109A1DC31}
	EndGlobalSection
EndGlobal
