
Microsoft Visual Studio Solution File, Format Version 12.00
# Visual Studio Version 17
VisualStudioVersion = 17.7.34031.279
MinimumVisualStudioVersion = 10.0.40219.1
Project("{FAE04EC0-301F-11D3-BF4B-00C04F79EFBC}") = "RemoveDuplicate", "RemoveDuplicate\RemoveDuplicate.csproj", "{F53FEC6F-21D2-475D-94CF-C84F2BC2E43E}"
EndProject
Global
	GlobalSection(SolutionConfigurationPlatforms) = preSolution
		Debug|Any CPU = Debug|Any CPU
		Release|Any CPU = Release|Any CPU
	EndGlobalSection
	GlobalSection(ProjectConfigurationPlatforms) = postSolution
		{F53FEC6F-21D2-475D-94CF-C84F2BC2E43E}.Debug|Any CPU.ActiveCfg = Debug|Any CPU
		{F53FEC6F-21D2-475D-94CF-C84F2BC2E43E}.Debug|Any CPU.Build.0 = Debug|Any CPU
		{F53FEC6F-21D2-475D-94CF-C84F2BC2E43E}.Release|Any CPU.ActiveCfg = Release|Any CPU
		{F53FEC6F-21D2-475D-94CF-C84F2BC2E43E}.Release|Any CPU.Build.0 = Release|Any CPU
	EndGlobalSection
	GlobalSection(SolutionProperties) = preSolution
		HideSolutionNode = FALSE
	EndGlobalSection
	GlobalSection(ExtensibilityGlobals) = postSolution
		SolutionGuid = {05E024C4-681F-4D2F-9C2D-1B25AA31056E}
	EndGlobalSection
EndGlobal
