
Microsoft Visual Studio Solution File, Format Version 12.00
# Visual Studio Version 17
VisualStudioVersion = 17.9.34607.119
MinimumVisualStudioVersion = 10.0.40219.1
Project("{FAE04EC0-301F-11D3-BF4B-00C04F79EFBC}") = "BlazorTestApp2", "BlazorTestApp2\BlazorTestApp2.csproj", "{0E6D74EC-3F3E-4D89-BA7F-C05EE6FEC2CE}"
EndProject
Global
	GlobalSection(SolutionConfigurationPlatforms) = preSolution
		Debug|Any CPU = Debug|Any CPU
		Release|Any CPU = Release|Any CPU
	EndGlobalSection
	GlobalSection(ProjectConfigurationPlatforms) = postSolution
		{0E6D74EC-3F3E-4D89-BA7F-C05EE6FEC2CE}.Debug|Any CPU.ActiveCfg = Debug|Any CPU
		{0E6D74EC-3F3E-4D89-BA7F-C05EE6FEC2CE}.Debug|Any CPU.Build.0 = Debug|Any CPU
		{0E6D74EC-3F3E-4D89-BA7F-C05EE6FEC2CE}.Release|Any CPU.ActiveCfg = Release|Any CPU
		{0E6D74EC-3F3E-4D89-BA7F-C05EE6FEC2CE}.Release|Any CPU.Build.0 = Release|Any CPU
	EndGlobalSection
	GlobalSection(SolutionProperties) = preSolution
		HideSolutionNode = FALSE
	EndGlobalSection
	GlobalSection(ExtensibilityGlobals) = postSolution
		SolutionGuid = {DADBA649-13E7-4C9A-870D-7BDDABB4B2CE}
	EndGlobalSection
EndGlobal
